# This file is generated by running "yarn install" inside your project.
# Manual changes might be lost - proceed with caution!

__metadata:
  version: 6
  cacheKey: 8

"@abp/aspnetcore.mvc.ui.theme.leptonxlite@npm:~4.2.1":
  version: 4.2.1
  resolution: "@abp/aspnetcore.mvc.ui.theme.leptonxlite@npm:4.2.1"
  dependencies:
    "@abp/aspnetcore.mvc.ui.theme.shared": ~9.2.1
  checksum: 7ba1923193416660d1212ed05ed620ad8fb92693d5cb6c6f14c981f3cd38894b467e8f4a1b37e75f8ff6754e40fe1bb6d5b362fd20d17d858e9ce2abedcf22c3
  languageName: node
  linkType: hard

"@abp/aspnetcore.mvc.ui.theme.shared@npm:~9.2.1":
  version: 9.2.1
  resolution: "@abp/aspnetcore.mvc.ui.theme.shared@npm:9.2.1"
  dependencies:
    "@abp/aspnetcore.mvc.ui": ~9.2.1
    "@abp/bootstrap": ~9.2.1
    "@abp/bootstrap-datepicker": ~9.2.1
    "@abp/bootstrap-daterangepicker": ~9.2.1
    "@abp/datatables.net-bs5": ~9.2.1
    "@abp/font-awesome": ~9.2.1
    "@abp/jquery-form": ~9.2.1
    "@abp/jquery-validation-unobtrusive": ~9.2.1
    "@abp/lodash": ~9.2.1
    "@abp/luxon": ~9.2.1
    "@abp/malihu-custom-scrollbar-plugin": ~9.2.1
    "@abp/moment": ~9.2.1
    "@abp/select2": ~9.2.1
    "@abp/sweetalert2": ~9.2.1
    "@abp/timeago": ~9.2.1
  checksum: cdca4cfa566b4dca37dc2d6dc9d201874afe46134931c296d591facfe03ce010b645fde4dff7e642a35dfa3a63b09d588f57b136204eaa370bdafc817871ee02
  languageName: node
  linkType: hard

"@abp/aspnetcore.mvc.ui@npm:~9.2.1":
  version: 9.2.1
  resolution: "@abp/aspnetcore.mvc.ui@npm:9.2.1"
  dependencies:
    ansi-colors: ^4.1.3
  checksum: 6438bdf2c76c97b0c7f3611ab6c3c50a9b3f0a84a0c702d8c39ec3fd723f9a1eafc599eb8d23a7facab50081d036918e29c2cad6819210253d96cff92efa0744
  languageName: node
  linkType: hard

"@abp/bootstrap-datepicker@npm:~9.2.1":
  version: 9.2.1
  resolution: "@abp/bootstrap-datepicker@npm:9.2.1"
  dependencies:
    bootstrap-datepicker: ^1.10.0
  checksum: 73dbbb8c693ebabe20b51c23e9ae1bcf3d020e5c05188e2938fb7072b79c5063c81e1b473228dbc723e91104d51dee002bb1c993ced838e7f7174116b0eb7227
  languageName: node
  linkType: hard

"@abp/bootstrap-daterangepicker@npm:~9.2.1":
  version: 9.2.1
  resolution: "@abp/bootstrap-daterangepicker@npm:9.2.1"
  dependencies:
    bootstrap-daterangepicker: ^3.1.0
  checksum: cac9aefdee5b8f3227b9373401531b87c1c144f5301735e88c57bdd2cd6b267fcde55909b5c6abe16840e618acb816d66bcefb674a4ff79acbe1965045fb6b7e
  languageName: node
  linkType: hard

"@abp/bootstrap@npm:~9.2.1":
  version: 9.2.1
  resolution: "@abp/bootstrap@npm:9.2.1"
  dependencies:
    "@abp/core": ~9.2.1
    bootstrap: ^5.3.3
  checksum: dbfe513df270dbaeeac751dc9cf40a6f4eb9eb44684c2c999a612dc08e1ac157febd3a2821360a89122f5632d76b20e4aefc2da2e2d3193b9a28c86166ec990c
  languageName: node
  linkType: hard

"@abp/core@npm:~9.2.1":
  version: 9.2.1
  resolution: "@abp/core@npm:9.2.1"
  dependencies:
    "@abp/utils": ~9.2.1
  checksum: 3d9ca0bf2edae4682aa05e7507c24f1fd69844d9d836431092967b6ddc52335e0580407e3485d7bfddb2dc330f0a2b6e34899ce444181f98e5da5beb14829347
  languageName: node
  linkType: hard

"@abp/datatables.net-bs5@npm:~9.2.1":
  version: 9.2.1
  resolution: "@abp/datatables.net-bs5@npm:9.2.1"
  dependencies:
    "@abp/datatables.net": ~9.2.1
    datatables.net-bs5: ^2.1.8
  checksum: db3af5a94b35174765eebbd6db7c4631498a7fcef6473ae70423a7ee073146bfc1de659bc248be41160791652253368b6ae134bb68d6c7fe4b7258f2d0c820c4
  languageName: node
  linkType: hard

"@abp/datatables.net@npm:~9.2.1":
  version: 9.2.1
  resolution: "@abp/datatables.net@npm:9.2.1"
  dependencies:
    "@abp/jquery": ~9.2.1
    datatables.net: ^2.1.8
  checksum: 9dc6ef468ce58701d8a88d0b1a631539ad3393a033f93db4a633977b4c6eb2a32398e216988e2b4a020db4ad4d3ed48b0bc17afbd0f1a9ebfb98848780994d57
  languageName: node
  linkType: hard

"@abp/font-awesome@npm:~9.2.1":
  version: 9.2.1
  resolution: "@abp/font-awesome@npm:9.2.1"
  dependencies:
    "@abp/core": ~9.2.1
    "@fortawesome/fontawesome-free": ^6.6.0
  checksum: 1c14c2f8e70a0a26f924d0108180aad1f3806179d010a6bfb164128d9bb0d0de48f9807e18bfc1247e9d619b039aa92c25e1d062b4b4fb97b210bab50d5025a5
  languageName: node
  linkType: hard

"@abp/jquery-form@npm:~9.2.1":
  version: 9.2.1
  resolution: "@abp/jquery-form@npm:9.2.1"
  dependencies:
    "@abp/jquery": ~9.2.1
    jquery-form: ^4.3.0
  checksum: 30aa7dbcaca49fbf207aae71421a4488dcb97a869225a2b9f17bc6b42883f461570c5f5f6fcd981f8092ae2721cb0db88560152d4171791030d346bdbae9453d
  languageName: node
  linkType: hard

"@abp/jquery-validation-unobtrusive@npm:~9.2.1":
  version: 9.2.1
  resolution: "@abp/jquery-validation-unobtrusive@npm:9.2.1"
  dependencies:
    "@abp/jquery-validation": ~9.2.1
    jquery-validation-unobtrusive: ^4.0.0
  checksum: c1fe49d7dcc9b0a171d130049ddb9248308dff7a1c732b012bcc728751327bfec3b5c41127af10408add6f8b38ec7dacb4740b74a4c800681d53192cff717054
  languageName: node
  linkType: hard

"@abp/jquery-validation@npm:~9.2.1":
  version: 9.2.1
  resolution: "@abp/jquery-validation@npm:9.2.1"
  dependencies:
    "@abp/jquery": ~9.2.1
    jquery-validation: ^1.21.0
  checksum: 30cc4b992c8871ca07da3696a749c430c91c7927f907861c780959f7adaeb294f4416952c20f21af0aa16cb0f5eedb2adc093900f323a3f4fc4ef66124fe6d4e
  languageName: node
  linkType: hard

"@abp/jquery@npm:~9.2.1":
  version: 9.2.1
  resolution: "@abp/jquery@npm:9.2.1"
  dependencies:
    "@abp/core": ~9.2.1
    jquery: ~3.7.1
  checksum: 48fd4a0d88b5bedf695a6bc2db5881d8a4c316925afa2871e8d5249f3c8c1665e25b2495355d7e4a6a03737b652ce37ed496fe004889f809918d73c86e06ece3
  languageName: node
  linkType: hard

"@abp/lodash@npm:~9.2.1":
  version: 9.2.1
  resolution: "@abp/lodash@npm:9.2.1"
  dependencies:
    "@abp/core": ~9.2.1
    lodash: ^4.17.21
  checksum: 5bf3e95c866f4593ecb3643fbb0e4c1e6d7ad15d06b5cb354fe60b775d4b0068267170b2b05748f9c7e924da0884fc8500a47154ac3e2cf07f19bffed465c37e
  languageName: node
  linkType: hard

"@abp/luxon@npm:~9.2.1":
  version: 9.2.1
  resolution: "@abp/luxon@npm:9.2.1"
  dependencies:
    "@abp/core": ~9.2.1
    luxon: ^3.5.0
  checksum: d86e472aeace514b6db497b091281a662474ec0b1030fc6551ef972e9848ca521ad4569a8ea2536085c94bcb6da52049af984491087854d71b686576c3ce0a81
  languageName: node
  linkType: hard

"@abp/malihu-custom-scrollbar-plugin@npm:~9.2.1":
  version: 9.2.1
  resolution: "@abp/malihu-custom-scrollbar-plugin@npm:9.2.1"
  dependencies:
    "@abp/core": ~9.2.1
    malihu-custom-scrollbar-plugin: ^3.1.5
  checksum: ad407799995f97616a81cd876f186d65e2cefa9d3baf4115e914d3dad3db244eb1f9874f5e5666f7f84158b9c9f7eaef9de2b1f4231900538ce8555662b32350
  languageName: node
  linkType: hard

"@abp/moment@npm:~9.2.1":
  version: 9.2.1
  resolution: "@abp/moment@npm:9.2.1"
  dependencies:
    moment: ^2.30.1
  checksum: c4b879df281eb034c71dbac4b90f639f0af159349ccc83b51d198d1c72c9a64a0f9daec97483e176894d1b6ef32c2144eb94622c95cba64da69b847aef0362fb
  languageName: node
  linkType: hard

"@abp/select2@npm:~9.2.1":
  version: 9.2.1
  resolution: "@abp/select2@npm:9.2.1"
  dependencies:
    "@abp/core": ~9.2.1
    select2: ^4.0.13
  checksum: 69e9808cb4c1fd5de34cd6b3c6f4b5ebaab0021aac7f4db118eb10c80f61bd1c05a9523093ad77aba6db73f75963dcd6e6cbf924b6db70672c46c19d6a0875a2
  languageName: node
  linkType: hard

"@abp/sweetalert2@npm:~9.2.1":
  version: 9.2.1
  resolution: "@abp/sweetalert2@npm:9.2.1"
  dependencies:
    "@abp/core": ~9.2.1
    sweetalert2: ^11.14.1
  checksum: fedb4de3528a27eb770c1ad8a1cbc65afedab4e70332b112f91b0d59bcff936073b8f2ecacb6e0f3efd806618173ce1b33cf746b4e5fe6a169166bbf4d087dd5
  languageName: node
  linkType: hard

"@abp/timeago@npm:~9.2.1":
  version: 9.2.1
  resolution: "@abp/timeago@npm:9.2.1"
  dependencies:
    "@abp/jquery": ~9.2.1
    timeago: ^1.6.7
  checksum: 7d0f9ad3c065e5791fc115c4444463023bdbfb9c3967b80c074030418668a6f5dc33d6a94e878c0263ca201d52676faeb6f5bbd4883aea765c26d9244c11a47b
  languageName: node
  linkType: hard

"@abp/utils@npm:~9.2.1":
  version: 9.2.1
  resolution: "@abp/utils@npm:9.2.1"
  dependencies:
    just-compare: ^2.3.0
  checksum: e01c2cf4a5ae5dce029edbaf639ae1c51984315697f450beb99252e4208391dbb8cef806b261997aed14cd0d89851f1ae4737c3213278c69ff5ddb03351cf710
  languageName: node
  linkType: hard

"@fortawesome/fontawesome-free@npm:^6.6.0":
  version: 6.7.2
  resolution: "@fortawesome/fontawesome-free@npm:6.7.2"
  checksum: 2ceb384ada8e4a1e8a8e24384a35e3afa01589ddec67c8c52e3ad5d7db1662d0fc92560bd9a23baa4e0676e721e423aef99fb79fe6899bf13900fd1e611b6760
  languageName: node
  linkType: hard

"ansi-colors@npm:^4.1.3":
  version: 4.1.3
  resolution: "ansi-colors@npm:4.1.3"
  checksum: a9c2ec842038a1fabc7db9ece7d3177e2fe1c5dc6f0c51ecfbf5f39911427b89c00b5dc6b8bd95f82a26e9b16aaae2e83d45f060e98070ce4d1333038edceb0e
  languageName: node
  linkType: hard

"bootstrap-datepicker@npm:^1.10.0":
  version: 1.10.0
  resolution: "bootstrap-datepicker@npm:1.10.0"
  dependencies:
    jquery: ">=3.4.0 <4.0.0"
  checksum: 3f1545545f2052eb44d519d6ec6a8792d34c0285fc6d4f291a3bbee14f1987bb33b51106d9f578dbc1db23d95e51a6878e6fba846e689a938b8e10af57926bd6
  languageName: node
  linkType: hard

"bootstrap-daterangepicker@npm:^3.1.0":
  version: 3.1.0
  resolution: "bootstrap-daterangepicker@npm:3.1.0"
  dependencies:
    jquery: ">=1.10"
    moment: ^2.9.0
  checksum: 3a45c28d4839b41984147bb58fa124e3fb01fa65c1b106b1278448c3440414a7489bd82af83e2d237fba227463f3f4381ca00689058b51db1e4d6868f6218490
  languageName: node
  linkType: hard

"bootstrap@npm:^5.3.3":
  version: 5.3.7
  resolution: "bootstrap@npm:5.3.7"
  peerDependencies:
    "@popperjs/core": ^2.11.8
  checksum: ac3ebcbdd37caed60cf515953a007af31265548271471ab1aff070cd4ad2aa3ec215b25144b3172882953ad107fe04548fe0bb6c71fcde95153b8605c564173c
  languageName: node
  linkType: hard

"datatables.net-bs5@npm:^2.1.8":
  version: 2.3.2
  resolution: "datatables.net-bs5@npm:2.3.2"
  dependencies:
    datatables.net: 2.3.2
    jquery: ">=1.7"
  checksum: 913d8272afcd7ff80017ba5b86ffe382fea2def8942e26669795b940c50bad27cb0947a46bf666c3319f872cbbda76052eff3991c90218b6e20bc2408b6cd02e
  languageName: node
  linkType: hard

"datatables.net@npm:2.3.2, datatables.net@npm:^2.1.8":
  version: 2.3.2
  resolution: "datatables.net@npm:2.3.2"
  dependencies:
    jquery: ">=1.7"
  checksum: 1f75615f86f76e9644b09e7e572039a02995d3daa75a93d8bb818aefb28720ef189eea78ea09628f74bdc1d4bbe943345b2f2cad2293c92e9ca3579e7db99803
  languageName: node
  linkType: hard

"jquery-form@npm:^4.3.0":
  version: 4.3.0
  resolution: "jquery-form@npm:4.3.0"
  dependencies:
    jquery: ">=1.7.2"
  checksum: 94cfdf4edc6000beb024007a4f0566edacf4817267c27de747bb335687d12bd0ab3276814e446ec858f05be7b8b50a9afd39c86513b1838835a9e39de6d724a5
  languageName: node
  linkType: hard

"jquery-mousewheel@npm:>=3.0.6":
  version: 3.2.2
  resolution: "jquery-mousewheel@npm:3.2.2"
  dependencies:
    jquery: ">=1.2.6"
  checksum: cca0384c1e3852e4bb2944971c6ed6f21f63340039083ef2b6882e59bc8d248d8a3ebaa30d2e497b8f9acc1d8c3fd4f7d27a42aa022bbefeed544457c596d7b2
  languageName: node
  linkType: hard

"jquery-validation-unobtrusive@npm:^4.0.0":
  version: 4.0.0
  resolution: "jquery-validation-unobtrusive@npm:4.0.0"
  dependencies:
    jquery: ^3.6.0
    jquery-validation: ">=1.19"
  checksum: a73f7e28c9425cb3d11515eaf4bfc83b2d3cac8179beff754eb3740e05f328408bf8bec56be86d9ecb0eb6b6344d82f90c22304af9c8369d7500aef1f0eb17d7
  languageName: node
  linkType: hard

"jquery-validation@npm:>=1.19, jquery-validation@npm:^1.21.0":
  version: 1.21.0
  resolution: "jquery-validation@npm:1.21.0"
  peerDependencies:
    jquery: ^1.7 || ^2.0 || ^3.1
  checksum: 03ad9bb813637403984d50b4bbf1219d11f93e464cd3a860b9a2941fe74709e48d3163bc330f969d17de94a26ec379f14394412a3f2e985b7568d467f8e5ade9
  languageName: node
  linkType: hard

"jquery@npm:>=1.10, jquery@npm:>=1.2.6, jquery@npm:>=1.5.0 <4.0, jquery@npm:>=1.7, jquery@npm:>=1.7.2, jquery@npm:>=3.4.0 <4.0.0, jquery@npm:^3.6.0, jquery@npm:~3.7.1":
  version: 3.7.1
  resolution: "jquery@npm:3.7.1"
  checksum: 4370b8139d6ae82867eb6f7f21d1edccf1d1bdf41c0840920ea80d366c2cd5dbe1ceebb110ee9772aa839b04400faa1572c5c560b507c688ed7b61cea26c0e27
  languageName: node
  linkType: hard

"just-compare@npm:^2.3.0":
  version: 2.3.0
  resolution: "just-compare@npm:2.3.0"
  checksum: 4fbad740d2697c357b203b6f5ddcce0d9b0d38abb25bb92fbb101687c86b6cf33678332469ebf6282c4f717f20baed41b33b49f2643d07dd64e4bf7a95306464
  languageName: node
  linkType: hard

"lodash@npm:^4.17.21":
  version: 4.17.21
  resolution: "lodash@npm:4.17.21"
  checksum: eb835a2e51d381e561e508ce932ea50a8e5a68f4ebdd771ea240d3048244a8d13658acbd502cd4829768c56f2e16bdd4340b9ea141297d472517b83868e677f7
  languageName: node
  linkType: hard

"luxon@npm:^3.5.0":
  version: 3.6.1
  resolution: "luxon@npm:3.6.1"
  checksum: bc6c24dde90f4263f548cc5a4ea3328e9c9511bee0b2255bd319639712862f1eb14a39c1b2dcbff8a8bf6686996d28f45b8fc902994a72dd05a29cef1269a6a4
  languageName: node
  linkType: hard

"malihu-custom-scrollbar-plugin@npm:^3.1.5":
  version: 3.1.5
  resolution: "malihu-custom-scrollbar-plugin@npm:3.1.5"
  dependencies:
    jquery-mousewheel: ">=3.0.6"
  checksum: dc3c3b9555df9a58de3f8e61b035c1d5c576381cb1974fff15c8a103e03d624aea6a49caf37a2247a069e58646bb9d879b97dbeab66e21cdc2567d3df7d0e719
  languageName: node
  linkType: hard

"moment@npm:^2.30.1, moment@npm:^2.9.0":
  version: 2.30.1
  resolution: "moment@npm:2.30.1"
  checksum: 859236bab1e88c3e5802afcf797fc801acdbd0ee509d34ea3df6eea21eb6bcc2abd4ae4e4e64aa7c986aa6cba563c6e62806218e6412a765010712e5fa121ba6
  languageName: node
  linkType: hard

"my-app@workspace:.":
  version: 0.0.0-use.local
  resolution: "my-app@workspace:."
  dependencies:
    "@abp/aspnetcore.mvc.ui.theme.leptonxlite": ~4.2.1
  languageName: unknown
  linkType: soft

"select2@npm:^4.0.13":
  version: 4.0.13
  resolution: "select2@npm:4.0.13"
  checksum: f0e657861e0d135437d763dcfc0e1581ea55d08f4057212b1baf9da2d59406849cb54d6dca9853b5551abe2b5aa06ba2b1712dcadd1f5a42eca053658d13358e
  languageName: node
  linkType: hard

"sweetalert2@npm:^11.14.1":
  version: 11.22.2
  resolution: "sweetalert2@npm:11.22.2"
  checksum: 9e04030def4463b270bdbfcf2e43f6d448cb71e2452070d97d7a8816acfe60291dce2dd702d5fde4c9a7c12b719c89aa51f9b38e5ee309197e2348eeb1958226
  languageName: node
  linkType: hard

"timeago@npm:^1.6.7":
  version: 1.6.7
  resolution: "timeago@npm:1.6.7"
  dependencies:
    jquery: ">=1.5.0 <4.0"
  checksum: 9bc19da8a236879fa9cc945cc5a9386ad1f0b60361b166363a2e81494457ee4521f5cb2768ca2d25f2ecfde8bffc0e0af00d941ef4a3c9885d1430d4198ffec2
  languageName: node
  linkType: hard
